
Microsoft Visual Studio Solution File, Format Version 12.00
# Visual Studio Version 17
VisualStudioVersion = 17.11.35312.102
MinimumVisualStudioVersion = 10.0.40219.1
Project("{FAE04EC0-301F-11D3-BF4B-00C04F79EFBC}") = "UniqloMVC", "UniqloMVC.csproj", "{F4FEF50D-104E-4398-A640-C271DB8FEFAA}"
EndProject
Global
	GlobalSection(SolutionConfigurationPlatforms) = preSolution
		Debug|Any CPU = Debug|Any CPU
		Release|Any CPU = Release|Any CPU
	EndGlobalSection
	GlobalSection(ProjectConfigurationPlatforms) = postSolution
		{F4FEF50D-104E-4398-A640-C271DB8FEFAA}.Debug|Any CPU.ActiveCfg = Debug|Any CPU
		{F4FEF50D-104E-4398-A640-C271DB8FEFAA}.Debug|Any CPU.Build.0 = Debug|Any CPU
		{F4FEF50D-104E-4398-A640-C271DB8FEFAA}.Release|Any CPU.ActiveCfg = Release|Any CPU
		{F4FEF50D-104E-4398-A640-C271DB8FEFAA}.Release|Any CPU.Build.0 = Release|Any CPU
	EndGlobalSection
	GlobalSection(SolutionProperties) = preSolution
		HideSolutionNode = FALSE
	EndGlobalSection
	GlobalSection(ExtensibilityGlobals) = postSolution
		SolutionGuid = {47EF54B3-D3C0-4AC8-AD4A-7D550600E860}
	EndGlobalSection
EndGlobal
